
Microsoft Visual Studio Solution File, Format Version 12.00
# Visual Studio Version 17
VisualStudioVersion = 17.8.34408.163
MinimumVisualStudioVersion = 10.0.40219.1
Project("{FAE04EC0-301F-11D3-BF4B-00C04F79EFBC}") = "Test APP", "Test APP\Test APP.csproj", "{06B1C4F9-F5ED-48E0-B770-E942D3E1D7B6}"
EndProject
Global
	GlobalSection(SolutionConfigurationPlatforms) = preSolution
		Debug|Any CPU = Debug|Any CPU
		Release|Any CPU = Release|Any CPU
	EndGlobalSection
	GlobalSection(ProjectConfigurationPlatforms) = postSolution
		{06B1C4F9-F5ED-48E0-B770-E942D3E1D7B6}.Debug|Any CPU.ActiveCfg = Debug|Any CPU
		{06B1C4F9-F5ED-48E0-B770-E942D3E1D7B6}.Debug|Any CPU.Build.0 = Debug|Any CPU
		{06B1C4F9-F5ED-48E0-B770-E942D3E1D7B6}.Release|Any CPU.ActiveCfg = Release|Any CPU
		{06B1C4F9-F5ED-48E0-B770-E942D3E1D7B6}.Release|Any CPU.Build.0 = Release|Any CPU
	EndGlobalSection
	GlobalSection(SolutionProperties) = preSolution
		HideSolutionNode = FALSE
	EndGlobalSection
	GlobalSection(ExtensibilityGlobals) = postSolution
		SolutionGuid = {A7A9FB9C-07C7-4A8E-BF74-B43C2B9CF7AA}
	EndGlobalSection
EndGlobal
